
Microsoft Visual Studio Solution File, Format Version 12.00
# Visual Studio Version 17
VisualStudioVersion = 17.1.32210.238
MinimumVisualStudioVersion = 10.0.40219.1
Project("{FAE04EC0-301F-11D3-BF4B-00C04F79EFBC}") = "UC-13 DailyWageAlongWithTotalwage", "UC-13 DailyWageAlongWithTotalwage.csproj", "{326A6B84-5EE8-434E-B073-653D94C93442}"
EndProject
Global
	GlobalSection(SolutionConfigurationPlatforms) = preSolution
		Debug|Any CPU = Debug|Any CPU
		Release|Any CPU = Release|Any CPU
	EndGlobalSection
	GlobalSection(ProjectConfigurationPlatforms) = postSolution
		{326A6B84-5EE8-434E-B073-653D94C93442}.Debug|Any CPU.ActiveCfg = Debug|Any CPU
		{326A6B84-5EE8-434E-B073-653D94C93442}.Debug|Any CPU.Build.0 = Debug|Any CPU
		{326A6B84-5EE8-434E-B073-653D94C93442}.Release|Any CPU.ActiveCfg = Release|Any CPU
		{326A6B84-5EE8-434E-B073-653D94C93442}.Release|Any CPU.Build.0 = Release|Any CPU
	EndGlobalSection
	GlobalSection(SolutionProperties) = preSolution
		HideSolutionNode = FALSE
	EndGlobalSection
	GlobalSection(ExtensibilityGlobals) = postSolution
		SolutionGuid = {5832BFDA-3981-489E-833A-E0B6CE199016}
	EndGlobalSection
EndGlobal
