
Microsoft Visual Studio Solution File, Format Version 12.00
# Visual Studio Version 17
VisualStudioVersion = 17.1.32210.238
MinimumVisualStudioVersion = 10.0.40219.1
Project("{FAE04EC0-301F-11D3-BF4B-00C04F79EFBC}") = "UC-5 MultiplePerson", "UC-5 MultiplePerson.csproj", "{7730C132-C517-4065-86DC-18D2056034AB}"
EndProject
Global
	GlobalSection(SolutionConfigurationPlatforms) = preSolution
		Debug|Any CPU = Debug|Any CPU
		Release|Any CPU = Release|Any CPU
	EndGlobalSection
	GlobalSection(ProjectConfigurationPlatforms) = postSolution
		{7730C132-C517-4065-86DC-18D2056034AB}.Debug|Any CPU.ActiveCfg = Debug|Any CPU
		{7730C132-C517-4065-86DC-18D2056034AB}.Debug|Any CPU.Build.0 = Debug|Any CPU
		{7730C132-C517-4065-86DC-18D2056034AB}.Release|Any CPU.ActiveCfg = Release|Any CPU
		{7730C132-C517-4065-86DC-18D2056034AB}.Release|Any CPU.Build.0 = Release|Any CPU
	EndGlobalSection
	GlobalSection(SolutionProperties) = preSolution
		HideSolutionNode = FALSE
	EndGlobalSection
	GlobalSection(ExtensibilityGlobals) = postSolution
		SolutionGuid = {8205ED0B-4FD1-4FC1-B86B-2D438966AFD4}
	EndGlobalSection
EndGlobal
