
Microsoft Visual Studio Solution File, Format Version 12.00
# Visual Studio Version 17
VisualStudioVersion = 17.1.32210.238
MinimumVisualStudioVersion = 10.0.40219.1
Project("{FAE04EC0-301F-11D3-BF4B-00C04F79EFBC}") = "UC-1 EmployeeIsAbsentPresent", "UC-1 EmployeeIsAbsentPresent.csproj", "{1EA219A8-35DB-43A8-9635-3918F9D6CE29}"
EndProject
Global
	GlobalSection(SolutionConfigurationPlatforms) = preSolution
		Debug|Any CPU = Debug|Any CPU
		Release|Any CPU = Release|Any CPU
	EndGlobalSection
	GlobalSection(ProjectConfigurationPlatforms) = postSolution
		{1EA219A8-35DB-43A8-9635-3918F9D6CE29}.Debug|Any CPU.ActiveCfg = Debug|Any CPU
		{1EA219A8-35DB-43A8-9635-3918F9D6CE29}.Debug|Any CPU.Build.0 = Debug|Any CPU
		{1EA219A8-35DB-43A8-9635-3918F9D6CE29}.Release|Any CPU.ActiveCfg = Release|Any CPU
		{1EA219A8-35DB-43A8-9635-3918F9D6CE29}.Release|Any CPU.Build.0 = Release|Any CPU
	EndGlobalSection
	GlobalSection(SolutionProperties) = preSolution
		HideSolutionNode = FALSE
	EndGlobalSection
	GlobalSection(ExtensibilityGlobals) = postSolution
		SolutionGuid = {DF043EAB-2E61-4AE7-9C66-2509379B3169}
	EndGlobalSection
EndGlobal
