
Microsoft Visual Studio Solution File, Format Version 12.00
# Visual Studio Version 17
VisualStudioVersion = 17.1.32210.238
MinimumVisualStudioVersion = 10.0.40219.1
Project("{FAE04EC0-301F-11D3-BF4B-00C04F79EFBC}") = "UC-3 PartTime", "UC-3 PartTime.csproj", "{9AB9351A-4CA0-4794-A616-B0E4FA5810BE}"
EndProject
Global
	GlobalSection(SolutionConfigurationPlatforms) = preSolution
		Debug|Any CPU = Debug|Any CPU
		Release|Any CPU = Release|Any CPU
	EndGlobalSection
	GlobalSection(ProjectConfigurationPlatforms) = postSolution
		{9AB9351A-4CA0-4794-A616-B0E4FA5810BE}.Debug|Any CPU.ActiveCfg = Debug|Any CPU
		{9AB9351A-4CA0-4794-A616-B0E4FA5810BE}.Debug|Any CPU.Build.0 = Debug|Any CPU
		{9AB9351A-4CA0-4794-A616-B0E4FA5810BE}.Release|Any CPU.ActiveCfg = Release|Any CPU
		{9AB9351A-4CA0-4794-A616-B0E4FA5810BE}.Release|Any CPU.Build.0 = Release|Any CPU
	EndGlobalSection
	GlobalSection(SolutionProperties) = preSolution
		HideSolutionNode = FALSE
	EndGlobalSection
	GlobalSection(ExtensibilityGlobals) = postSolution
		SolutionGuid = {22F6D7F1-FBFC-4032-87C4-7983E849969A}
	EndGlobalSection
EndGlobal
