
Microsoft Visual Studio Solution File, Format Version 12.00
# Visual Studio Version 17
VisualStudioVersion = 17.1.32210.238
MinimumVisualStudioVersion = 10.0.40219.1
Project("{FAE04EC0-301F-11D3-BF4B-00C04F79EFBC}") = "UC-2 DailyEmployeeWage", "UC-2 DailyEmployeeWage.csproj", "{D4A4B39E-8EDC-4D54-8EAA-8BF6386FE88D}"
EndProject
Global
	GlobalSection(SolutionConfigurationPlatforms) = preSolution
		Debug|Any CPU = Debug|Any CPU
		Release|Any CPU = Release|Any CPU
	EndGlobalSection
	GlobalSection(ProjectConfigurationPlatforms) = postSolution
		{D4A4B39E-8EDC-4D54-8EAA-8BF6386FE88D}.Debug|Any CPU.ActiveCfg = Debug|Any CPU
		{D4A4B39E-8EDC-4D54-8EAA-8BF6386FE88D}.Debug|Any CPU.Build.0 = Debug|Any CPU
		{D4A4B39E-8EDC-4D54-8EAA-8BF6386FE88D}.Release|Any CPU.ActiveCfg = Release|Any CPU
		{D4A4B39E-8EDC-4D54-8EAA-8BF6386FE88D}.Release|Any CPU.Build.0 = Release|Any CPU
	EndGlobalSection
	GlobalSection(SolutionProperties) = preSolution
		HideSolutionNode = FALSE
	EndGlobalSection
	GlobalSection(ExtensibilityGlobals) = postSolution
		SolutionGuid = {4DDF92DE-6972-4323-A5C0-586C552626B0}
	EndGlobalSection
EndGlobal
