
Microsoft Visual Studio Solution File, Format Version 12.00
# Visual Studio Version 17
VisualStudioVersion = 17.1.32210.238
MinimumVisualStudioVersion = 10.0.40219.1
Project("{FAE04EC0-301F-11D3-BF4B-00C04F79EFBC}") = "UC-6 ConditionTotalWarkingHrs", "UC-6 ConditionTotalWarkingHrs.csproj", "{F87E8ADA-02CA-46EE-8816-B74248662402}"
EndProject
Global
	GlobalSection(SolutionConfigurationPlatforms) = preSolution
		Debug|Any CPU = Debug|Any CPU
		Release|Any CPU = Release|Any CPU
	EndGlobalSection
	GlobalSection(ProjectConfigurationPlatforms) = postSolution
		{F87E8ADA-02CA-46EE-8816-B74248662402}.Debug|Any CPU.ActiveCfg = Debug|Any CPU
		{F87E8ADA-02CA-46EE-8816-B74248662402}.Debug|Any CPU.Build.0 = Debug|Any CPU
		{F87E8ADA-02CA-46EE-8816-B74248662402}.Release|Any CPU.ActiveCfg = Release|Any CPU
		{F87E8ADA-02CA-46EE-8816-B74248662402}.Release|Any CPU.Build.0 = Release|Any CPU
	EndGlobalSection
	GlobalSection(SolutionProperties) = preSolution
		HideSolutionNode = FALSE
	EndGlobalSection
	GlobalSection(ExtensibilityGlobals) = postSolution
		SolutionGuid = {8A2523F5-62BD-491A-8664-855D90E2C743}
	EndGlobalSection
EndGlobal
